Microsoft Visual Studio Solution File, Format Version 12.00
# Visual Studio Version 17
VisualStudioVersion = 17.5.2.0
MinimumVisualStudioVersion = 10.0.40219.1
Project("{2150E333-8FDC-42A3-9474-1A3956D46DE8}") = "Control Systems", "Control Systems", "{B2EE012D-22D5-68AF-34EE-F33D56FD8BF1}"
EndProject
Project("{2150E333-8FDC-42A3-9474-1A3956D46DE8}") = "C#", "C#", "{0C4B9278-928B-4F04-3DD3-2265058A4ED5}"
EndProject
Project("{2150E333-8FDC-42A3-9474-1A3956D46DE8}") = "AWS Cloud Gateway", "AWS Cloud Gateway", "{6DF2EDE5-F212-DFF6-5925-68A8CEF7D4A5}"
EndProject
Project("{FAE04EC0-301F-11D3-BF4B-00C04F79EFBC}") = "OpcUAConnectionTest", "Control Systems\C#\AWS Cloud Gateway\src\OpcUAConnectionTest.csproj", "{DF1F49CF-A119-FBC1-C257-8A665233A3A8}"
EndProject
Global
	GlobalSection(SolutionConfigurationPlatforms) = preSolution
		Debug|Any CPU = Debug|Any CPU
		Release|Any CPU = Release|Any CPU
	EndGlobalSection
	GlobalSection(ProjectConfigurationPlatforms) = postSolution
		{DF1F49CF-A119-FBC1-C257-8A665233A3A8}.Debug|Any CPU.ActiveCfg = Debug|Any CPU
		{DF1F49CF-A119-FBC1-C257-8A665233A3A8}.Debug|Any CPU.Build.0 = Debug|Any CPU
		{DF1F49CF-A119-FBC1-C257-8A665233A3A8}.Release|Any CPU.ActiveCfg = Release|Any CPU
		{DF1F49CF-A119-FBC1-C257-8A665233A3A8}.Release|Any CPU.Build.0 = Release|Any CPU
	EndGlobalSection
	GlobalSection(SolutionProperties) = preSolution
		HideSolutionNode = FALSE
	EndGlobalSection
	GlobalSection(NestedProjects) = preSolution
		{0C4B9278-928B-4F04-3DD3-2265058A4ED5} = {B2EE012D-22D5-68AF-34EE-F33D56FD8BF1}
		{6DF2EDE5-F212-DFF6-5925-68A8CEF7D4A5} = {0C4B9278-928B-4F04-3DD3-2265058A4ED5}
		{DF1F49CF-A119-FBC1-C257-8A665233A3A8} = {6DF2EDE5-F212-DFF6-5925-68A8CEF7D4A5}
	EndGlobalSection
	GlobalSection(ExtensibilityGlobals) = postSolution
		SolutionGuid = {DF6788B4-91DA-4CF3-9EA3-F09A93D5544A}
	EndGlobalSection
EndGlobal
